// !$*UTF8*$!
{
	archiveVersion = 1;
	classes = {
	};
	objectVersion = 56;
	objects = {

/* Begin PBXBuildFile section */
		6463CAE92BE4CE39000C7B91 /* airbnbcloneApp.swift in Sources */ = {isa = PBXBuildFile; fileRef = 6463CAE82BE4CE39000C7B91 /* airbnbcloneApp.swift */; };
		6463CAEB2BE4CE39000C7B91 /* ContentView.swift in Sources */ = {isa = PBXBuildFile; fileRef = 6463CAEA2BE4CE39000C7B91 /* ContentView.swift */; };
		6463CAED2BE4CE3F000C7B91 /* Assets.xcassets in Resources */ = {isa = PBXBuildFile; fileRef = 6463CAEC2BE4CE3F000C7B91 /* Assets.xcassets */; };
		6463CAF12BE4CE3F000C7B91 /* Preview Assets.xcassets in Resources */ = {isa = PBXBuildFile; fileRef = 6463CAF02BE4CE3F000C7B91 /* Preview Assets.xcassets */; };
		6463CB042BE4CF4A000C7B91 /* ExploreView.swift in Sources */ = {isa = PBXBuildFile; fileRef = 6463CB032BE4CF4A000C7B91 /* ExploreView.swift */; };
		6463CB062BE4D050000C7B91 /* ListingItemView.swift in Sources */ = {isa = PBXBuildFile; fileRef = 6463CB052BE4D050000C7B91 /* ListingItemView.swift */; };
/* End PBXBuildFile section */

/* Begin PBXFileReference section */
		6463CAE52BE4CE39000C7B91 /* airbnbclone.app */ = {isa = PBXFileReference; explicitFileType = wrapper.application; includeInIndex = 0; path = airbnbclone.app; sourceTree = BUILT_PRODUCTS_DIR; };
		6463CAE82BE4CE39000C7B91 /* airbnbcloneApp.swift */ = {isa = PBXFileReference; lastKnownFileType = sourcecode.swift; path = airbnbcloneApp.swift; sourceTree = "<group>"; };
		6463CAEA2BE4CE39000C7B91 /* ContentView.swift */ = {isa = PBXFileReference; lastKnownFileType = sourcecode.swift; path = ContentView.swift; sourceTree = "<group>"; };
		6463CAEC2BE4CE3F000C7B91 /* Assets.xcassets */ = {isa = PBXFileReference; lastKnownFileType = folder.assetcatalog; path = Assets.xcassets; sourceTree = "<group>"; };
		6463CAEE2BE4CE3F000C7B91 /* airbnbclone.entitlements */ = {isa = PBXFileReference; lastKnownFileType = text.plist.entitlements; path = airbnbclone.entitlements; sourceTree = "<group>"; };
		6463CAF02BE4CE3F000C7B91 /* Preview Assets.xcassets */ = {isa = PBXFileReference; lastKnownFileType = folder.assetcatalog; path = "Preview Assets.xcassets"; sourceTree = "<group>"; };
		6463CB032BE4CF4A000C7B91 /* ExploreView.swift */ = {isa = PBXFileReference; lastKnownFileType = sourcecode.swift; path = ExploreView.swift; sourceTree = "<group>"; };
		6463CB052BE4D050000C7B91 /* ListingItemView.swift */ = {isa = PBXFileReference; lastKnownFileType = sourcecode.swift; path = ListingItemView.swift; sourceTree = "<group>"; };
/* End PBXFileReference section */

/* Begin PBXFrameworksBuildPhase section */
		6463CAE22BE4CE39000C7B91 /* Frameworks */ = {
			isa = PBXFrameworksBuildPhase;
			buildActionMask = 2147483647;
			files = (
			);
			runOnlyForDeploymentPostprocessing = 0;
		};
/* End PBXFrameworksBuildPhase section */

/* Begin PBXGroup section */
		6463CADC2BE4CE39000C7B91 = {
			isa = PBXGroup;
			children = (
				6463CAE72BE4CE39000C7B91 /* airbnbclone */,
				6463CAE62BE4CE39000C7B91 /* Products */,
			);
			sourceTree = "<group>";
		};
		6463CAE62BE4CE39000C7B91 /* Products */ = {
			isa = PBXGroup;
			children = (
				6463CAE52BE4CE39000C7B91 /* airbnbclone.app */,
			);
			name = Products;
			sourceTree = "<group>";
		};
		6463CAE72BE4CE39000C7B91 /* airbnbclone */ = {
			isa = PBXGroup;
			children = (
				6463CAF82BE4CE77000C7B91 /* App */,
				6463CAF72BE4CE71000C7B91 /* Core */,
				6463CAF92BE4CE7D000C7B91 /* Extensions */,
				6463CAFA2BE4CE90000C7B91 /* Models */,
				6463CAFB2BE4CEC0000C7B91 /* Utils */,
				6463CAE82BE4CE39000C7B91 /* airbnbcloneApp.swift */,
				6463CAEA2BE4CE39000C7B91 /* ContentView.swift */,
				6463CAEC2BE4CE3F000C7B91 /* Assets.xcassets */,
				6463CAEE2BE4CE3F000C7B91 /* airbnbclone.entitlements */,
				6463CAEF2BE4CE3F000C7B91 /* Preview Content */,
			);
			path = airbnbclone;
			sourceTree = "<group>";
		};
		6463CAEF2BE4CE3F000C7B91 /* Preview Content */ = {
			isa = PBXGroup;
			children = (
				6463CAF02BE4CE3F000C7B91 /* Preview Assets.xcassets */,
			);
			path = "Preview Content";
			sourceTree = "<group>";
		};
		6463CAF72BE4CE71000C7B91 /* Core */ = {
			isa = PBXGroup;
			children = (
				6463CAFC2BE4CEE0000C7B91 /* Explore */,
				6463CAFD2BE4CEE7000C7B91 /* Listings */,
				6463CB012BE4CF07000C7B91 /* MapView */,
				6463CB002BE4CEFE000C7B91 /* Profile */,
				6463CB022BE4CF2E000C7B91 /* Root */,
				6463CAFF2BE4CEF6000C7B91 /* TabBar */,
				6463CAFE2BE4CEEF000C7B91 /* Wishlists */,
			);
			path = Core;
			sourceTree = "<group>";
		};
		6463CAF82BE4CE77000C7B91 /* App */ = {
			isa = PBXGroup;
			children = (
			);
			path = App;
			sourceTree = "<group>";
		};
		6463CAF92BE4CE7D000C7B91 /* Extensions */ = {
			isa = PBXGroup;
			children = (
			);
			path = Extensions;
			sourceTree = "<group>";
		};
		6463CAFA2BE4CE90000C7B91 /* Models */ = {
			isa = PBXGroup;
			children = (
			);
			path = Models;
			sourceTree = "<group>";
		};
		6463CAFB2BE4CEC0000C7B91 /* Utils */ = {
			isa = PBXGroup;
			children = (
			);
			path = Utils;
			sourceTree = "<group>";
		};
		6463CAFC2BE4CEE0000C7B91 /* Explore */ = {
			isa = PBXGroup;
			children = (
				6463CB032BE4CF4A000C7B91 /* ExploreView.swift */,
			);
			path = Explore;
			sourceTree = "<group>";
		};
		6463CAFD2BE4CEE7000C7B91 /* Listings */ = {
			isa = PBXGroup;
			children = (
				6463CB052BE4D050000C7B91 /* ListingItemView.swift */,
			);
			path = Listings;
			sourceTree = "<group>";
		};
		6463CAFE2BE4CEEF000C7B91 /* Wishlists */ = {
			isa = PBXGroup;
			children = (
			);
			path = Wishlists;
			sourceTree = "<group>";
		};
		6463CAFF2BE4CEF6000C7B91 /* TabBar */ = {
			isa = PBXGroup;
			children = (
			);
			path = TabBar;
			sourceTree = "<group>";
		};
		6463CB002BE4CEFE000C7B91 /* Profile */ = {
			isa = PBXGroup;
			children = (
			);
			path = Profile;
			sourceTree = "<group>";
		};
		6463CB012BE4CF07000C7B91 /* MapView */ = {
			isa = PBXGroup;
			children = (
			);
			path = MapView;
			sourceTree = "<group>";
		};
		6463CB022BE4CF2E000C7B91 /* Root */ = {
			isa = PBXGroup;
			children = (
			);
			path = Root;
			sourceTree = "<group>";
		};
/* End PBXGroup section */

/* Begin PBXNativeTarget section */
		6463CAE42BE4CE39000C7B91 /* airbnbclone */ = {
			isa = PBXNativeTarget;
			buildConfigurationList = 6463CAF42BE4CE3F000C7B91 /* Build configuration list for PBXNativeTarget "airbnbclone" */;
			buildPhases = (
				6463CAE12BE4CE39000C7B91 /* Sources */,
				6463CAE22BE4CE39000C7B91 /* Frameworks */,
				6463CAE32BE4CE39000C7B91 /* Resources */,
			);
			buildRules = (
			);
			dependencies = (
			);
			name = airbnbclone;
			productName = airbnbclone;
			productReference = 6463CAE52BE4CE39000C7B91 /* airbnbclone.app */;
			productType = "com.apple.product-type.application";
		};
/* End PBXNativeTarget section */

/* Begin PBXProject section */
		6463CADD2BE4CE39000C7B91 /* Project object */ = {
			isa = PBXProject;
			attributes = {
				BuildIndependentTargetsInParallel = 1;
				LastSwiftUpdateCheck = 1530;
				LastUpgradeCheck = 1530;
				TargetAttributes = {
					6463CAE42BE4CE39000C7B91 = {
						CreatedOnToolsVersion = 15.3;
					};
				};
			};
			buildConfigurationList = 6463CAE02BE4CE39000C7B91 /* Build configuration list for PBXProject "airbnbclone" */;
			compatibilityVersion = "Xcode 14.0";
			developmentRegion = en;
			hasScannedForEncodings = 0;
			knownRegions = (
				en,
				Base,
			);
			mainGroup = 6463CADC2BE4CE39000C7B91;
			productRefGroup = 6463CAE62BE4CE39000C7B91 /* Products */;
			projectDirPath = "";
			projectRoot = "";
			targets = (
				6463CAE42BE4CE39000C7B91 /* airbnbclone */,
			);
		};
/* End PBXProject section */

/* Begin PBXResourcesBuildPhase section */
		6463CAE32BE4CE39000C7B91 /* Resources */ = {
			isa = PBXResourcesBuildPhase;
			buildActionMask = 2147483647;
			files = (
				6463CAF12BE4CE3F000C7B91 /* Preview Assets.xcassets in Resources */,
				6463CAED2BE4CE3F000C7B91 /* Assets.xcassets in Resources */,
			);
			runOnlyForDeploymentPostprocessing = 0;
		};
/* End PBXResourcesBuildPhase section */

/* Begin PBXSourcesBuildPhase section */
		6463CAE12BE4CE39000C7B91 /* Sources */ = {
			isa = PBXSourcesBuildPhase;
			buildActionMask = 2147483647;
			files = (
				6463CAEB2BE4CE39000C7B91 /* ContentView.swift in Sources */,
				6463CB062BE4D050000C7B91 /* ListingItemView.swift in Sources */,
				6463CB042BE4CF4A000C7B91 /* ExploreView.swift in Sources */,
				6463CAE92BE4CE39000C7B91 /* airbnbcloneApp.swift in Sources */,
			);
			runOnlyForDeploymentPostprocessing = 0;
		};
/* End PBXSourcesBuildPhase section */

/* Begin XCBuildConfiguration section */
		6463CAF22BE4CE3F000C7B91 /* Debug */ = {
			isa = XCBuildConfiguration;
			buildSettings = {
				ALWAYS_SEARCH_USER_PATHS = NO;
				ASSETCATALOG_COMPILER_GENERATE_SWIFT_ASSET_SYMBOL_EXTENSIONS = YES;
				CLANG_ANALYZER_NONNULL = YES;
				CLANG_ANALYZER_NUMBER_OBJECT_CONVERSION = YES_AGGRESSIVE;
				CLANG_CXX_LANGUAGE_STANDARD = "gnu++20";
				CLANG_ENABLE_MODULES = YES;
				CLANG_ENABLE_OBJC_ARC = YES;
				CLANG_ENABLE_OBJC_WEAK = YES;
				CLANG_WARN_BLOCK_CAPTURE_AUTORELEASING = YES;
				CLANG_WARN_BOOL_CONVERSION = YES;
				CLANG_WARN_COMMA = YES;
				CLANG_WARN_CONSTANT_CONVERSION = YES;
				CLANG_WARN_DEPRECATED_OBJC_IMPLEMENTATIONS = YES;
				CLANG_WARN_DIRECT_OBJC_ISA_USAGE = YES_ERROR;
				CLANG_WARN_DOCUMENTATION_COMMENTS = YES;
				CLANG_WARN_EMPTY_BODY = YES;
				CLANG_WARN_ENUM_CONVERSION = YES;
				CLANG_WARN_INFINITE_RECURSION = YES;
				CLANG_WARN_INT_CONVERSION = YES;
				CLANG_WARN_NON_LITERAL_NULL_CONVERSION = YES;
				CLANG_WARN_OBJC_IMPLICIT_RETAIN_SELF = YES;
				CLANG_WARN_OBJC_LITERAL_CONVERSION = YES;
				CLANG_WARN_OBJC_ROOT_CLASS = YES_ERROR;
				CLANG_WARN_QUOTED_INCLUDE_IN_FRAMEWORK_HEADER = YES;
				CLANG_WARN_RANGE_LOOP_ANALYSIS = YES;
				CLANG_WARN_STRICT_PROTOTYPES = YES;
				CLANG_WARN_SUSPICIOUS_MOVE = YES;
				CLANG_WARN_UNGUARDED_AVAILABILITY = YES_AGGRESSIVE;
				CLANG_WARN_UNREACHABLE_CODE = YES;
				CLANG_WARN__DUPLICATE_METHOD_MATCH = YES;
				COPY_PHASE_STRIP = NO;
				DEBUG_INFORMATION_FORMAT = dwarf;
				ENABLE_STRICT_OBJC_MSGSEND = YES;
				ENABLE_TESTABILITY = YES;
				ENABLE_USER_SCRIPT_SANDBOXING = YES;
				GCC_C_LANGUAGE_STANDARD = gnu17;
				GCC_DYNAMIC_NO_PIC = NO;
				GCC_NO_COMMON_BLOCKS = YES;
				GCC_OPTIMIZATION_LEVEL = 0;
				GCC_PREPROCESSOR_DEFINITIONS = (
					"DEBUG=1",
					"$(inherited)",
				);
				GCC_WARN_64_TO_32_BIT_CONVERSION = YES;
				GCC_WARN_ABOUT_RETURN_TYPE = YES_ERROR;
				GCC_WARN_UNDECLARED_SELECTOR = YES;
				GCC_WARN_UNINITIALIZED_AUTOS = YES_AGGRESSIVE;
				GCC_WARN_UNUSED_FUNCTION = YES;
				GCC_WARN_UNUSED_VARIABLE = YES;
				LOCALIZATION_PREFERS_STRING_CATALOGS = YES;
				MTL_ENABLE_DEBUG_INFO = INCLUDE_SOURCE;
				MTL_FAST_MATH = YES;
				ONLY_ACTIVE_ARCH = YES;
				SWIFT_ACTIVE_COMPILATION_CONDITIONS = "DEBUG $(inherited)";
				SWIFT_OPTIMIZATION_LEVEL = "-Onone";
			};
			name = Debug;
		};
		6463CAF32BE4CE3F000C7B91 /* Release */ = {
			isa = XCBuildConfiguration;
			buildSettings = {
				ALWAYS_SEARCH_USER_PATHS = NO;
				ASSETCATALOG_COMPILER_GENERATE_SWIFT_ASSET_SYMBOL_EXTENSIONS = YES;
				CLANG_ANALYZER_NONNULL = YES;
				CLANG_ANALYZER_NUMBER_OBJECT_CONVERSION = YES_AGGRESSIVE;
				CLANG_CXX_LANGUAGE_STANDARD = "gnu++20";
				CLANG_ENABLE_MODULES = YES;
				CLANG_ENABLE_OBJC_ARC = YES;
				CLANG_ENABLE_OBJC_WEAK = YES;
				CLANG_WARN_BLOCK_CAPTURE_AUTORELEASING = YES;
				CLANG_WARN_BOOL_CONVERSION = YES;
				CLANG_WARN_COMMA = YES;
				CLANG_WARN_CONSTANT_CONVERSION = YES;
				CLANG_WARN_DEPRECATED_OBJC_IMPLEMENTATIONS = YES;
				CLANG_WARN_DIRECT_OBJC_ISA_USAGE = YES_ERROR;
				CLANG_WARN_DOCUMENTATION_COMMENTS = YES;
				CLANG_WARN_EMPTY_BODY = YES;
				CLANG_WARN_ENUM_CONVERSION = YES;
				CLANG_WARN_INFINITE_RECURSION = YES;
				CLANG_WARN_INT_CONVERSION = YES;
				CLANG_WARN_NON_LITERAL_NULL_CONVERSION = YES;
				CLANG_WARN_OBJC_IMPLICIT_RETAIN_SELF = YES;
				CLANG_WARN_OBJC_LITERAL_CONVERSION = YES;
				CLANG_WARN_OBJC_ROOT_CLASS = YES_ERROR;
				CLANG_WARN_QUOTED_INCLUDE_IN_FRAMEWORK_HEADER = YES;
				CLANG_WARN_RANGE_LOOP_ANALYSIS = YES;
				CLANG_WARN_STRICT_PROTOTYPES = YES;
				CLANG_WARN_SUSPICIOUS_MOVE = YES;
				CLANG_WARN_UNGUARDED_AVAILABILITY = YES_AGGRESSIVE;
				CLANG_WARN_UNREACHABLE_CODE = YES;
				CLANG_WARN__DUPLICATE_METHOD_MATCH = YES;
				COPY_PHASE_STRIP = NO;
				DEBUG_INFORMATION_FORMAT = "dwarf-with-dsym";
				ENABLE_NS_ASSERTIONS = NO;
				ENABLE_STRICT_OBJC_MSGSEND = YES;
				ENABLE_USER_SCRIPT_SANDBOXING = YES;
				GCC_C_LANGUAGE_STANDARD = gnu17;
				GCC_NO_COMMON_BLOCKS = YES;
				GCC_WARN_64_TO_32_BIT_CONVERSION = YES;
				GCC_WARN_ABOUT_RETURN_TYPE = YES_ERROR;
				GCC_WARN_UNDECLARED_SELECTOR = YES;
				GCC_WARN_UNINITIALIZED_AUTOS = YES_AGGRESSIVE;
				GCC_WARN_UNUSED_FUNCTION = YES;
				GCC_WARN_UNUSED_VARIABLE = YES;
				LOCALIZATION_PREFERS_STRING_CATALOGS = YES;
				MTL_ENABLE_DEBUG_INFO = NO;
				MTL_FAST_MATH = YES;
				SWIFT_COMPILATION_MODE = wholemodule;
			};
			name = Release;
		};
		6463CAF52BE4CE3F000C7B91 /* Debug */ = {
			isa = XCBuildConfiguration;
			buildSettings = {
				ASSETCATALOG_COMPILER_APPICON_NAME = AppIcon;
				ASSETCATALOG_COMPILER_GLOBAL_ACCENT_COLOR_NAME = AccentColor;
				CODE_SIGN_ENTITLEMENTS = airbnbclone/airbnbclone.entitlements;
				CODE_SIGN_STYLE = Automatic;
				CURRENT_PROJECT_VERSION = 1;
				DEVELOPMENT_ASSET_PATHS = "\"airbnbclone/Preview Content\"";
				ENABLE_PREVIEWS = YES;
				GENERATE_INFOPLIST_FILE = YES;
				"INFOPLIST_KEY_UIApplicationSceneManifest_Generation[sdk=iphoneos*]" = YES;
				"INFOPLIST_KEY_UIApplicationSceneManifest_Generation[sdk=iphonesimulator*]" = YES;
				"INFOPLIST_KEY_UIApplicationSupportsIndirectInputEvents[sdk=iphoneos*]" = YES;
				"INFOPLIST_KEY_UIApplicationSupportsIndirectInputEvents[sdk=iphonesimulator*]" = YES;
				"INFOPLIST_KEY_UILaunchScreen_Generation[sdk=iphoneos*]" = YES;
				"INFOPLIST_KEY_UILaunchScreen_Generation[sdk=iphonesimulator*]" = YES;
				"INFOPLIST_KEY_UIStatusBarStyle[sdk=iphoneos*]" = UIStatusBarStyleDefault;
				"INFOPLIST_KEY_UIStatusBarStyle[sdk=iphonesimulator*]" = UIStatusBarStyleDefault;
				INFOPLIST_KEY_UISupportedInterfaceOrientations_iPad = "UIInterfaceOrientationPortrait UIInterfaceOrientationPortraitUpsideDown UIInterfaceOrientationLandscapeLeft UIInterfaceOrientationLandscapeRight";
				INFOPLIST_KEY_UISupportedInterfaceOrientations_iPhone = "UIInterfaceOrientationPortrait UIInterfaceOrientationLandscapeLeft UIInterfaceOrientationLandscapeRight";
				IPHONEOS_DEPLOYMENT_TARGET = 17.4;
				LD_RUNPATH_SEARCH_PATHS = "@executable_path/Frameworks";
				"LD_RUNPATH_SEARCH_PATHS[sdk=macosx*]" = "@executable_path/../Frameworks";
				MACOSX_DEPLOYMENT_TARGET = 14.2;
				MARKETING_VERSION = 1.0;
				PRODUCT_BUNDLE_IDENTIFIER = com.airbnbclone;
				PRODUCT_NAME = "$(TARGET_NAME)";
				SDKROOT = auto;
				SUPPORTED_PLATFORMS = "iphoneos iphonesimulator macosx";
				SWIFT_EMIT_LOC_STRINGS = YES;
				SWIFT_VERSION = 5.0;
				TARGETED_DEVICE_FAMILY = "1,2";
			};
			name = Debug;
		};
		6463CAF62BE4CE3F000C7B91 /* Release */ = {
			isa = XCBuildConfiguration;
			buildSettings = {
				ASSETCATALOG_COMPILER_APPICON_NAME = AppIcon;
				ASSETCATALOG_COMPILER_GLOBAL_ACCENT_COLOR_NAME = AccentColor;
				CODE_SIGN_ENTITLEMENTS = airbnbclone/airbnbclone.entitlements;
				CODE_SIGN_STYLE = Automatic;
				CURRENT_PROJECT_VERSION = 1;
				DEVELOPMENT_ASSET_PATHS = "\"airbnbclone/Preview Content\"";
				ENABLE_PREVIEWS = YES;
				GENERATE_INFOPLIST_FILE = YES;
				"INFOPLIST_KEY_UIApplicationSceneManifest_Generation[sdk=iphoneos*]" = YES;
				"INFOPLIST_KEY_UIApplicationSceneManifest_Generation[sdk=iphonesimulator*]" = YES;
				"INFOPLIST_KEY_UIApplicationSupportsIndirectInputEvents[sdk=iphoneos*]" = YES;
				"INFOPLIST_KEY_UIApplicationSupportsIndirectInputEvents[sdk=iphonesimulator*]" = YES;
				"INFOPLIST_KEY_UILaunchScreen_Generation[sdk=iphoneos*]" = YES;
				"INFOPLIST_KEY_UILaunchScreen_Generation[sdk=iphonesimulator*]" = YES;
				"INFOPLIST_KEY_UIStatusBarStyle[sdk=iphoneos*]" = UIStatusBarStyleDefault;
				"INFOPLIST_KEY_UIStatusBarStyle[sdk=iphonesimulator*]" = UIStatusBarStyleDefault;
				INFOPLIST_KEY_UISupportedInterfaceOrientations_iPad = "UIInterfaceOrientationPortrait UIInterfaceOrientationPortraitUpsideDown UIInterfaceOrientationLandscapeLeft UIInterfaceOrientationLandscapeRight";
				INFOPLIST_KEY_UISupportedInterfaceOrientations_iPhone = "UIInterfaceOrientationPortrait UIInterfaceOrientationLandscapeLeft UIInterfaceOrientationLandscapeRight";
				IPHONEOS_DEPLOYMENT_TARGET = 17.4;
				LD_RUNPATH_SEARCH_PATHS = "@executable_path/Frameworks";
				"LD_RUNPATH_SEARCH_PATHS[sdk=macosx*]" = "@executable_path/../Frameworks";
				MACOSX_DEPLOYMENT_TARGET = 14.2;
				MARKETING_VERSION = 1.0;
				PRODUCT_BUNDLE_IDENTIFIER = com.airbnbclone;
				PRODUCT_NAME = "$(TARGET_NAME)";
				SDKROOT = auto;
				SUPPORTED_PLATFORMS = "iphoneos iphonesimulator macosx";
				SWIFT_EMIT_LOC_STRINGS = YES;
				SWIFT_VERSION = 5.0;
				TARGETED_DEVICE_FAMILY = "1,2";
			};
			name = Release;
		};
/* End XCBuildConfiguration section */

/* Begin XCConfigurationList section */
		6463CAE02BE4CE39000C7B91 /* Build configuration list for PBXProject "airbnbclone" */ = {
			isa = XCConfigurationList;
			buildConfigurations = (
				6463CAF22BE4CE3F000C7B91 /* Debug */,
				6463CAF32BE4CE3F000C7B91 /* Release */,
			);
			defaultConfigurationIsVisible = 0;
			defaultConfigurationName = Release;
		};
		6463CAF42BE4CE3F000C7B91 /* Build configuration list for PBXNativeTarget "airbnbclone" */ = {
			isa = XCConfigurationList;
			buildConfigurations = (
				6463CAF52BE4CE3F000C7B91 /* Debug */,
				6463CAF62BE4CE3F000C7B91 /* Release */,
			);
			defaultConfigurationIsVisible = 0;
			defaultConfigurationName = Release;
		};
/* End XCConfigurationList section */
	};
	rootObject = 6463CADD2BE4CE39000C7B91 /* Project object */;
}
